
Microsoft Visual Studio Solution File, Format Version 12.00
# Visual Studio 15
VisualStudioVersion = 15.0.26430.6
MinimumVisualStudioVersion = 10.0.40219.1
Project("{2150E333-8FDC-42A3-9474-1A3956D46DE8}") = "Solution Items", "Solution Items", "{CC51621D-E1E5-409E-8DF0-DF2A891A680D}"
	ProjectSection(SolutionItems) = preProject
		Readme.md = Readme.md
		src\SolutionInfo.cs = src\SolutionInfo.cs
	EndProjectSection
EndProject
Project("{2150E333-8FDC-42A3-9474-1A3956D46DE8}") = "Tests", "Tests", "{6C987558-F1E0-40F2-B4E1-E49453DC385F}"
	ProjectSection(SolutionItems) = preProject
		tests\Settings.StyleCop = tests\Settings.StyleCop
	EndProjectSection
EndProject
Project("{FAE04EC0-301F-11D3-BF4B-00C04F79EFBC}") = "Domain", "src\Domain\Domain.csproj", "{5BDB0C88-F0F3-4887-814E-DDB334E64131}"
EndProject
Project("{FAE04EC0-301F-11D3-BF4B-00C04F79EFBC}") = "Infrastructure", "src\Infrastructure\Infrastructure.csproj", "{49259552-03FA-45FD-BC2F-9FEB159E7D27}"
EndProject
Project("{FAE04EC0-301F-11D3-BF4B-00C04F79EFBC}") = "Tests.Core", "tests\Tests.Core\Tests.Core.csproj", "{2FA01585-E39A-419D-A454-D7AA36D9C2BD}"
EndProject
Project("{FAE04EC0-301F-11D3-BF4B-00C04F79EFBC}") = "Application.Tests", "tests\Application.Tests\Application.Tests.csproj", "{842747BD-DBA6-4ED4-A5B4-72793A7D1F94}"
EndProject
Project("{FAE04EC0-301F-11D3-BF4B-00C04F79EFBC}") = "Infrastructure.Tests", "tests\Infrastructure.Tests\Infrastructure.Tests.csproj", "{6F88BBB7-FB06-4FC1-8165-A7B8BE0609A0}"
EndProject
Project("{FAE04EC0-301F-11D3-BF4B-00C04F79EFBC}") = "Application", "src\Application\Application.csproj", "{2912D7BD-4D30-4E29-82B3-EEAA2671A819}"
EndProject
Global
	GlobalSection(SolutionConfigurationPlatforms) = preSolution
		Debug|Any CPU = Debug|Any CPU
		Release|Any CPU = Release|Any CPU
	EndGlobalSection
	GlobalSection(ProjectConfigurationPlatforms) = postSolution
		{5BDB0C88-F0F3-4887-814E-DDB334E64131}.Debug|Any CPU.ActiveCfg = Debug|Any CPU
		{5BDB0C88-F0F3-4887-814E-DDB334E64131}.Debug|Any CPU.Build.0 = Debug|Any CPU
		{5BDB0C88-F0F3-4887-814E-DDB334E64131}.Release|Any CPU.ActiveCfg = Release|Any CPU
		{5BDB0C88-F0F3-4887-814E-DDB334E64131}.Release|Any CPU.Build.0 = Release|Any CPU
		{49259552-03FA-45FD-BC2F-9FEB159E7D27}.Debug|Any CPU.ActiveCfg = Debug|Any CPU
		{49259552-03FA-45FD-BC2F-9FEB159E7D27}.Debug|Any CPU.Build.0 = Debug|Any CPU
		{49259552-03FA-45FD-BC2F-9FEB159E7D27}.Release|Any CPU.ActiveCfg = Release|Any CPU
		{49259552-03FA-45FD-BC2F-9FEB159E7D27}.Release|Any CPU.Build.0 = Release|Any CPU
		{2FA01585-E39A-419D-A454-D7AA36D9C2BD}.Debug|Any CPU.ActiveCfg = Debug|Any CPU
		{2FA01585-E39A-419D-A454-D7AA36D9C2BD}.Debug|Any CPU.Build.0 = Debug|Any CPU
		{2FA01585-E39A-419D-A454-D7AA36D9C2BD}.Release|Any CPU.ActiveCfg = Release|Any CPU
		{2FA01585-E39A-419D-A454-D7AA36D9C2BD}.Release|Any CPU.Build.0 = Release|Any CPU
		{842747BD-DBA6-4ED4-A5B4-72793A7D1F94}.Debug|Any CPU.ActiveCfg = Debug|Any CPU
		{842747BD-DBA6-4ED4-A5B4-72793A7D1F94}.Debug|Any CPU.Build.0 = Debug|Any CPU
		{842747BD-DBA6-4ED4-A5B4-72793A7D1F94}.Release|Any CPU.ActiveCfg = Release|Any CPU
		{842747BD-DBA6-4ED4-A5B4-72793A7D1F94}.Release|Any CPU.Build.0 = Release|Any CPU
		{6F88BBB7-FB06-4FC1-8165-A7B8BE0609A0}.Debug|Any CPU.ActiveCfg = Debug|Any CPU
		{6F88BBB7-FB06-4FC1-8165-A7B8BE0609A0}.Debug|Any CPU.Build.0 = Debug|Any CPU
		{6F88BBB7-FB06-4FC1-8165-A7B8BE0609A0}.Release|Any CPU.ActiveCfg = Release|Any CPU
		{6F88BBB7-FB06-4FC1-8165-A7B8BE0609A0}.Release|Any CPU.Build.0 = Release|Any CPU
		{2912D7BD-4D30-4E29-82B3-EEAA2671A819}.Debug|Any CPU.ActiveCfg = Debug|Any CPU
		{2912D7BD-4D30-4E29-82B3-EEAA2671A819}.Debug|Any CPU.Build.0 = Debug|Any CPU
		{2912D7BD-4D30-4E29-82B3-EEAA2671A819}.Release|Any CPU.ActiveCfg = Release|Any CPU
		{2912D7BD-4D30-4E29-82B3-EEAA2671A819}.Release|Any CPU.Build.0 = Release|Any CPU
	EndGlobalSection
	GlobalSection(SolutionProperties) = preSolution
		HideSolutionNode = FALSE
	EndGlobalSection
	GlobalSection(NestedProjects) = preSolution
		{2FA01585-E39A-419D-A454-D7AA36D9C2BD} = {6C987558-F1E0-40F2-B4E1-E49453DC385F}
		{842747BD-DBA6-4ED4-A5B4-72793A7D1F94} = {6C987558-F1E0-40F2-B4E1-E49453DC385F}
		{6F88BBB7-FB06-4FC1-8165-A7B8BE0609A0} = {6C987558-F1E0-40F2-B4E1-E49453DC385F}
	EndGlobalSection
EndGlobal
